
Microsoft Visual Studio Solution File, Format Version 12.00
# Visual Studio Version 16
VisualStudioVersion = 16.0.30717.126
MinimumVisualStudioVersion = 10.0.40219.1
Project("{FAE04EC0-301F-11D3-BF4B-00C04F79EFBC}") = "Anaprosy", "Anaprosy.csproj", "{5141140E-E219-4001-874B-E52B23712C2A}"
EndProject
Project("{FAE04EC0-301F-11D3-BF4B-00C04F79EFBC}") = "Anaprosy.DAL", "..\Anaprosy.DAL\Anaprosy.DAL.csproj", "{5453B846-2349-4382-91F2-57484EC2E0C2}"
EndProject
Global
	GlobalSection(SolutionConfigurationPlatforms) = preSolution
		Debug|Any CPU = Debug|Any CPU
		Release|Any CPU = Release|Any CPU
	EndGlobalSection
	GlobalSection(ProjectConfigurationPlatforms) = postSolution
		{5141140E-E219-4001-874B-E52B23712C2A}.Debug|Any CPU.ActiveCfg = Debug|Any CPU
		{5141140E-E219-4001-874B-E52B23712C2A}.Debug|Any CPU.Build.0 = Debug|Any CPU
		{5141140E-E219-4001-874B-E52B23712C2A}.Release|Any CPU.ActiveCfg = Release|Any CPU
		{5141140E-E219-4001-874B-E52B23712C2A}.Release|Any CPU.Build.0 = Release|Any CPU
		{5453B846-2349-4382-91F2-57484EC2E0C2}.Debug|Any CPU.ActiveCfg = Debug|Any CPU
		{5453B846-2349-4382-91F2-57484EC2E0C2}.Debug|Any CPU.Build.0 = Debug|Any CPU
		{5453B846-2349-4382-91F2-57484EC2E0C2}.Release|Any CPU.ActiveCfg = Release|Any CPU
		{5453B846-2349-4382-91F2-57484EC2E0C2}.Release|Any CPU.Build.0 = Release|Any CPU
	EndGlobalSection
	GlobalSection(SolutionProperties) = preSolution
		HideSolutionNode = FALSE
	EndGlobalSection
	GlobalSection(ExtensibilityGlobals) = postSolution
		SolutionGuid = {043FAE45-1AE2-4E18-AD3A-0C9FC298C82A}
	EndGlobalSection
EndGlobal
